
Microsoft Visual Studio Solution File, Format Version 12.00
# Visual Studio 15
Project("{FAE04EC0-301F-11D3-BF4B-00C04F79EFBC}") = "Assembly-CSharp", "Assembly-CSharp.csproj", "{2E460C3F-9239-79C5-A239-ACB5E1C63AA4}"
EndProject
Project("{FAE04EC0-301F-11D3-BF4B-00C04F79EFBC}") = "Coffee.UIParticle", "Coffee.UIParticle.csproj", "{87BB7832-505A-FBDF-E4DC-C600B648204F}"
EndProject
Project("{FAE04EC0-301F-11D3-BF4B-00C04F79EFBC}") = "GoogleMobileAds.Editor", "GoogleMobileAds.Editor.csproj", "{7E1FA39A-7BD9-6298-C679-82BD801E792B}"
EndProject
Project("{FAE04EC0-301F-11D3-BF4B-00C04F79EFBC}") = "Coffee.UIParticle.Editor", "Coffee.UIParticle.Editor.csproj", "{7603D1D2-22C4-0E43-AE88-A4CAE402A2DB}"
EndProject
Project("{FAE04EC0-301F-11D3-BF4B-00C04F79EFBC}") = "Assembly-CSharp-Editor", "Assembly-CSharp-Editor.csproj", "{6306009A-5433-D1B5-7411-49CEBF066558}"
EndProject
Global
	GlobalSection(SolutionConfigurationPlatforms) = preSolution
		Debug|Any CPU = Debug|Any CPU
		Release|Any CPU = Release|Any CPU
	EndGlobalSection
	GlobalSection(ProjectConfigurationPlatforms) = postSolution
		{2E460C3F-9239-79C5-A239-ACB5E1C63AA4}.Debug|Any CPU.ActiveCfg = Debug|Any CPU
		{2E460C3F-9239-79C5-A239-ACB5E1C63AA4}.Debug|Any CPU.Build.0 = Debug|Any CPU
		{2E460C3F-9239-79C5-A239-ACB5E1C63AA4}.Release|Any CPU.ActiveCfg = Release|Any CPU
		{2E460C3F-9239-79C5-A239-ACB5E1C63AA4}.Release|Any CPU.Build.0 = Release|Any CPU
		{87BB7832-505A-FBDF-E4DC-C600B648204F}.Debug|Any CPU.ActiveCfg = Debug|Any CPU
		{87BB7832-505A-FBDF-E4DC-C600B648204F}.Debug|Any CPU.Build.0 = Debug|Any CPU
		{87BB7832-505A-FBDF-E4DC-C600B648204F}.Release|Any CPU.ActiveCfg = Release|Any CPU
		{87BB7832-505A-FBDF-E4DC-C600B648204F}.Release|Any CPU.Build.0 = Release|Any CPU
		{7E1FA39A-7BD9-6298-C679-82BD801E792B}.Debug|Any CPU.ActiveCfg = Debug|Any CPU
		{7E1FA39A-7BD9-6298-C679-82BD801E792B}.Debug|Any CPU.Build.0 = Debug|Any CPU
		{7E1FA39A-7BD9-6298-C679-82BD801E792B}.Release|Any CPU.ActiveCfg = Release|Any CPU
		{7E1FA39A-7BD9-6298-C679-82BD801E792B}.Release|Any CPU.Build.0 = Release|Any CPU
		{7603D1D2-22C4-0E43-AE88-A4CAE402A2DB}.Debug|Any CPU.ActiveCfg = Debug|Any CPU
		{7603D1D2-22C4-0E43-AE88-A4CAE402A2DB}.Debug|Any CPU.Build.0 = Debug|Any CPU
		{7603D1D2-22C4-0E43-AE88-A4CAE402A2DB}.Release|Any CPU.ActiveCfg = Release|Any CPU
		{7603D1D2-22C4-0E43-AE88-A4CAE402A2DB}.Release|Any CPU.Build.0 = Release|Any CPU
		{6306009A-5433-D1B5-7411-49CEBF066558}.Debug|Any CPU.ActiveCfg = Debug|Any CPU
		{6306009A-5433-D1B5-7411-49CEBF066558}.Debug|Any CPU.Build.0 = Debug|Any CPU
		{6306009A-5433-D1B5-7411-49CEBF066558}.Release|Any CPU.ActiveCfg = Release|Any CPU
		{6306009A-5433-D1B5-7411-49CEBF066558}.Release|Any CPU.Build.0 = Release|Any CPU
	EndGlobalSection
	GlobalSection(SolutionProperties) = preSolution
		HideSolutionNode = FALSE
	EndGlobalSection
EndGlobal
